
Microsoft Visual Studio Solution File, Format Version 12.00
# Visual Studio Version 18
VisualStudioVersion = 18.5.11723.231
MinimumVisualStudioVersion = 10.0.40219.1
Project("{FAE04EC0-301F-11D3-BF4B-00C04F79EFBC}") = "DomuWave.Web", "DomuWave.Web\DomuWave.Web.csproj", "{CB75DC3A-666D-4CF7-8EFA-452D2C1BE375}"
EndProject
Project("{FAE04EC0-301F-11D3-BF4B-00C04F79EFBC}") = "DomuWave.Application", "DomuWave.Application\DomuWave.Application.csproj", "{B9FA8688-16EE-4229-B486-2C7F837AE3E5}"
EndProject
Project("{FAE04EC0-301F-11D3-BF4B-00C04F79EFBC}") = "DomuWave.Services", "DomuWave.Infrastructure\DomuWave.Services.csproj", "{251AB05D-8809-4273-8B6B-64889FF6973F}"
EndProject
Project("{FAE04EC0-301F-11D3-BF4B-00C04F79EFBC}") = "DomuWave.Tests", "DomuWave.UnitTest\DomuWave.Tests.csproj", "{21F7CF9C-EC96-9962-61BE-4A2B6172A3BD}"
EndProject
Project("{FAE04EC0-301F-11D3-BF4B-00C04F79EFBC}") = "DomuWave.IntegrationTests", "DomuWave.IntegrationTests\DomuWave.IntegrationTests.csproj", "{4A7C2D1E-5B8F-4C3A-9D0E-6F2B8A1C7E4D}"
EndProject
Project("{2150E333-8FDC-42A3-9474-1A3956D46DE8}") = "Solution Items", "Solution Items", "{8EC462FD-D22E-90A8-E5CE-7E832BA40C5D}"
	ProjectSection(SolutionItems) = preProject
		docs\migrations\add_account_balance.sql = docs\migrations\add_account_balance.sql
		docs\migrations\add_account_balance_totalbalance_rounding.sql = docs\migrations\add_account_balance_totalbalance_rounding.sql
		docs\migrations\add_budgetitem_account_snapshot.sql = docs\migrations\add_budgetitem_account_snapshot.sql
		docs\migrations\add_budgetitem_amount_paid.sql = docs\migrations\add_budgetitem_amount_paid.sql
		docs\migrations\add_building.sql = docs\migrations\add_building.sql
		docs\migrations\add_chargeability_type.sql = docs\migrations\add_chargeability_type.sql
		docs\migrations\add_chart_of_accounts_category.sql = docs\migrations\add_chart_of_accounts_category.sql
		docs\migrations\add_chart_of_accounts_category_template.sql = docs\migrations\add_chart_of_accounts_category_template.sql
		docs\migrations\add_chart_of_accounts_template.sql = docs\migrations\add_chart_of_accounts_template.sql
		docs\migrations\add_chart_of_accounts_template_isdefault.sql = docs\migrations\add_chart_of_accounts_template_isdefault.sql
		docs\migrations\add_consumption.sql = docs\migrations\add_consumption.sql
		docs\migrations\add_consumptiontype_account_fk.sql = docs\migrations\add_consumptiontype_account_fk.sql
		docs\migrations\add_consumption_reading_charge_fk.sql = docs\migrations\add_consumption_reading_charge_fk.sql
		docs\migrations\add_expense_fiscalyear_fk.sql = docs\migrations\add_expense_fiscalyear_fk.sql
		docs\migrations\add_expense_payment_method_lookup.sql = docs\migrations\add_expense_payment_method_lookup.sql
		docs\migrations\add_fiscalyear_previous_fiscalyear.sql = docs\migrations\add_fiscalyear_previous_fiscalyear.sql
		docs\migrations\add_isenabled_to_millesimaltable.sql = docs\migrations\add_isenabled_to_millesimaltable.sql
		docs\migrations\add_millesimal_table_isdraft.sql = docs\migrations\add_millesimal_table_isdraft.sql
		docs\migrations\add_unit_opening_balance.sql = docs\migrations\add_unit_opening_balance.sql
		docs\migrations\align_hibernate_unique_key_from_hbm.sql = docs\migrations\align_hibernate_unique_key_from_hbm.sql
		docs\migrations\alter_unit_opening_balance_add_closing.sql = docs\migrations\alter_unit_opening_balance_add_closing.sql
		docs\migrations\alter_unit_opening_balance_morosita.sql = docs\migrations\alter_unit_opening_balance_morosita.sql
		docs\migrations\chart_of_accounts_allocation.sql = docs\migrations\chart_of_accounts_allocation.sql
		docs\migrations\condominium_fee.sql = docs\migrations\condominium_fee.sql
		docs\migrations\condominium_installment_status_lookup.sql = docs\migrations\condominium_installment_status_lookup.sql
		docs\migrations\convert_all_datetime_to_datetime2.sql = docs\migrations\convert_all_datetime_to_datetime2.sql
		docs\migrations\dynamic_file_repository.sql = docs\migrations\dynamic_file_repository.sql
		docs\migrations\fiscal_year_status_lookup.sql = docs\migrations\fiscal_year_status_lookup.sql
		docs\migrations\fix_all_datetime_to_datetime2.sql = docs\migrations\fix_all_datetime_to_datetime2.sql
		docs\migrations\fix_chartofaccounts_datetime.sql = docs\migrations\fix_chartofaccounts_datetime.sql
		docs\migrations\fix_consumption_reading_unique_constraint.sql = docs\migrations\fix_consumption_reading_unique_constraint.sql
		docs\migrations\fix_millesimaltable_unique_index_soft_delete.sql = docs\migrations\fix_millesimaltable_unique_index_soft_delete.sql
		docs\migrations\real_estate_unit_display_name.sql = docs\migrations\real_estate_unit_display_name.sql
		docs\migrations\real_estate_unit_inhabitants.sql = docs\migrations\real_estate_unit_inhabitants.sql
		docs\migrations\recreate_condominium_installment.sql = docs\migrations\recreate_condominium_installment.sql
		docs\migrations\seed_chart_of_accounts_template_per_tenant.sql = docs\migrations\seed_chart_of_accounts_template_per_tenant.sql
		docs\migrations\vzcondominio_fix_mapping_deleted_condominium.sql = docs\migrations\vzcondominio_fix_mapping_deleted_condominium.sql
		docs\migrations\vzcondominio_migration_stage0.sql = docs\migrations\vzcondominio_migration_stage0.sql
		docs\migrations\vzcondominio_migration_stage0_foundation_procedure.sql = docs\migrations\vzcondominio_migration_stage0_foundation_procedure.sql
		docs\migrations\vzcondominio_migration_stage0_load_staging.sql = docs\migrations\vzcondominio_migration_stage0_load_staging.sql
		docs\migrations\vzcondominio_migration_stage1_masterdata.sql = docs\migrations\vzcondominio_migration_stage1_masterdata.sql
		docs\migrations\vzcondominio_migration_stage2_financials.sql = docs\migrations\vzcondominio_migration_stage2_financials.sql
		docs\migrations\vzcondominio_migration_step_procedures.sql = docs\migrations\vzcondominio_migration_step_procedures.sql
	EndProjectSection
EndProject
Project("{FAE04EC0-301F-11D3-BF4B-00C04F79EFBC}") = "DomuWave.Unified", "DomuWave.Unified\DomuWave.Unified.csproj", "{F881FFE1-0A5B-4A88-B9FB-07D8AFE85F97}"
EndProject
Project("{2150E333-8FDC-42A3-9474-1A3956D46DE8}") = "DomuWave.Infrastructure", "DomuWave.Infrastructure", "{EDDF22D2-2FF6-169C-2330-135C7312A06D}"
EndProject
Project("{FAE04EC0-301F-11D3-BF4B-00C04F79EFBC}") = "Auth.Services", "..\..\Blizio\Blizio.Auth\Auth.Services\Auth.Services.csproj", "{3275D1A9-78D0-4B00-84C4-ABADB3DF9E35}"
EndProject
Global
	GlobalSection(SolutionConfigurationPlatforms) = preSolution
		Debug|Any CPU = Debug|Any CPU
		Debug|x64 = Debug|x64
		Debug|x86 = Debug|x86
		Release|Any CPU = Release|Any CPU
		Release|x64 = Release|x64
		Release|x86 = Release|x86
	EndGlobalSection
	GlobalSection(ProjectConfigurationPlatforms) = postSolution
		{CB75DC3A-666D-4CF7-8EFA-452D2C1BE375}.Debug|Any CPU.ActiveCfg = Debug|Any CPU
		{CB75DC3A-666D-4CF7-8EFA-452D2C1BE375}.Debug|Any CPU.Build.0 = Debug|Any CPU
		{CB75DC3A-666D-4CF7-8EFA-452D2C1BE375}.Debug|x64.ActiveCfg = Debug|Any CPU
		{CB75DC3A-666D-4CF7-8EFA-452D2C1BE375}.Debug|x64.Build.0 = Debug|Any CPU
		{CB75DC3A-666D-4CF7-8EFA-452D2C1BE375}.Debug|x86.ActiveCfg = Debug|Any CPU
		{CB75DC3A-666D-4CF7-8EFA-452D2C1BE375}.Debug|x86.Build.0 = Debug|Any CPU
		{CB75DC3A-666D-4CF7-8EFA-452D2C1BE375}.Release|Any CPU.ActiveCfg = Release|Any CPU
		{CB75DC3A-666D-4CF7-8EFA-452D2C1BE375}.Release|Any CPU.Build.0 = Release|Any CPU
		{CB75DC3A-666D-4CF7-8EFA-452D2C1BE375}.Release|x64.ActiveCfg = Release|Any CPU
		{CB75DC3A-666D-4CF7-8EFA-452D2C1BE375}.Release|x64.Build.0 = Release|Any CPU
		{CB75DC3A-666D-4CF7-8EFA-452D2C1BE375}.Release|x86.ActiveCfg = Release|Any CPU
		{CB75DC3A-666D-4CF7-8EFA-452D2C1BE375}.Release|x86.Build.0 = Release|Any CPU
		{B9FA8688-16EE-4229-B486-2C7F837AE3E5}.Debug|Any CPU.ActiveCfg = Debug|Any CPU
		{B9FA8688-16EE-4229-B486-2C7F837AE3E5}.Debug|Any CPU.Build.0 = Debug|Any CPU
		{B9FA8688-16EE-4229-B486-2C7F837AE3E5}.Debug|x64.ActiveCfg = Debug|Any CPU
		{B9FA8688-16EE-4229-B486-2C7F837AE3E5}.Debug|x64.Build.0 = Debug|Any CPU
		{B9FA8688-16EE-4229-B486-2C7F837AE3E5}.Debug|x86.ActiveCfg = Debug|Any CPU
		{B9FA8688-16EE-4229-B486-2C7F837AE3E5}.Debug|x86.Build.0 = Debug|Any CPU
		{B9FA8688-16EE-4229-B486-2C7F837AE3E5}.Release|Any CPU.ActiveCfg = Release|Any CPU
		{B9FA8688-16EE-4229-B486-2C7F837AE3E5}.Release|Any CPU.Build.0 = Release|Any CPU
		{B9FA8688-16EE-4229-B486-2C7F837AE3E5}.Release|x64.ActiveCfg = Release|Any CPU
		{B9FA8688-16EE-4229-B486-2C7F837AE3E5}.Release|x64.Build.0 = Release|Any CPU
		{B9FA8688-16EE-4229-B486-2C7F837AE3E5}.Release|x86.ActiveCfg = Release|Any CPU
		{B9FA8688-16EE-4229-B486-2C7F837AE3E5}.Release|x86.Build.0 = Release|Any CPU
		{251AB05D-8809-4273-8B6B-64889FF6973F}.Debug|Any CPU.ActiveCfg = Debug|Any CPU
		{251AB05D-8809-4273-8B6B-64889FF6973F}.Debug|Any CPU.Build.0 = Debug|Any CPU
		{251AB05D-8809-4273-8B6B-64889FF6973F}.Debug|x64.ActiveCfg = Debug|Any CPU
		{251AB05D-8809-4273-8B6B-64889FF6973F}.Debug|x64.Build.0 = Debug|Any CPU
		{251AB05D-8809-4273-8B6B-64889FF6973F}.Debug|x86.ActiveCfg = Debug|Any CPU
		{251AB05D-8809-4273-8B6B-64889FF6973F}.Debug|x86.Build.0 = Debug|Any CPU
		{251AB05D-8809-4273-8B6B-64889FF6973F}.Release|Any CPU.ActiveCfg = Release|Any CPU
		{251AB05D-8809-4273-8B6B-64889FF6973F}.Release|Any CPU.Build.0 = Release|Any CPU
		{251AB05D-8809-4273-8B6B-64889FF6973F}.Release|x64.ActiveCfg = Release|Any CPU
		{251AB05D-8809-4273-8B6B-64889FF6973F}.Release|x64.Build.0 = Release|Any CPU
		{251AB05D-8809-4273-8B6B-64889FF6973F}.Release|x86.ActiveCfg = Release|Any CPU
		{251AB05D-8809-4273-8B6B-64889FF6973F}.Release|x86.Build.0 = Release|Any CPU
		{21F7CF9C-EC96-9962-61BE-4A2B6172A3BD}.Debug|Any CPU.ActiveCfg = Debug|Any CPU
		{21F7CF9C-EC96-9962-61BE-4A2B6172A3BD}.Debug|Any CPU.Build.0 = Debug|Any CPU
		{21F7CF9C-EC96-9962-61BE-4A2B6172A3BD}.Debug|x64.ActiveCfg = Debug|Any CPU
		{21F7CF9C-EC96-9962-61BE-4A2B6172A3BD}.Debug|x64.Build.0 = Debug|Any CPU
		{21F7CF9C-EC96-9962-61BE-4A2B6172A3BD}.Debug|x86.ActiveCfg = Debug|Any CPU
		{21F7CF9C-EC96-9962-61BE-4A2B6172A3BD}.Debug|x86.Build.0 = Debug|Any CPU
		{21F7CF9C-EC96-9962-61BE-4A2B6172A3BD}.Release|Any CPU.ActiveCfg = Release|Any CPU
		{21F7CF9C-EC96-9962-61BE-4A2B6172A3BD}.Release|Any CPU.Build.0 = Release|Any CPU
		{21F7CF9C-EC96-9962-61BE-4A2B6172A3BD}.Release|x64.ActiveCfg = Release|Any CPU
		{21F7CF9C-EC96-9962-61BE-4A2B6172A3BD}.Release|x64.Build.0 = Release|Any CPU
		{21F7CF9C-EC96-9962-61BE-4A2B6172A3BD}.Release|x86.ActiveCfg = Release|Any CPU
		{21F7CF9C-EC96-9962-61BE-4A2B6172A3BD}.Release|x86.Build.0 = Release|Any CPU
		{4A7C2D1E-5B8F-4C3A-9D0E-6F2B8A1C7E4D}.Debug|Any CPU.ActiveCfg = Debug|Any CPU
		{4A7C2D1E-5B8F-4C3A-9D0E-6F2B8A1C7E4D}.Debug|Any CPU.Build.0 = Debug|Any CPU
		{4A7C2D1E-5B8F-4C3A-9D0E-6F2B8A1C7E4D}.Debug|x64.ActiveCfg = Debug|Any CPU
		{4A7C2D1E-5B8F-4C3A-9D0E-6F2B8A1C7E4D}.Debug|x64.Build.0 = Debug|Any CPU
		{4A7C2D1E-5B8F-4C3A-9D0E-6F2B8A1C7E4D}.Debug|x86.ActiveCfg = Debug|Any CPU
		{4A7C2D1E-5B8F-4C3A-9D0E-6F2B8A1C7E4D}.Debug|x86.Build.0 = Debug|Any CPU
		{4A7C2D1E-5B8F-4C3A-9D0E-6F2B8A1C7E4D}.Release|Any CPU.ActiveCfg = Release|Any CPU
		{4A7C2D1E-5B8F-4C3A-9D0E-6F2B8A1C7E4D}.Release|Any CPU.Build.0 = Release|Any CPU
		{4A7C2D1E-5B8F-4C3A-9D0E-6F2B8A1C7E4D}.Release|x64.ActiveCfg = Release|Any CPU
		{4A7C2D1E-5B8F-4C3A-9D0E-6F2B8A1C7E4D}.Release|x64.Build.0 = Release|Any CPU
		{4A7C2D1E-5B8F-4C3A-9D0E-6F2B8A1C7E4D}.Release|x86.ActiveCfg = Release|Any CPU
		{4A7C2D1E-5B8F-4C3A-9D0E-6F2B8A1C7E4D}.Release|x86.Build.0 = Release|Any CPU
		{F881FFE1-0A5B-4A88-B9FB-07D8AFE85F97}.Debug|Any CPU.ActiveCfg = Debug|Any CPU
		{F881FFE1-0A5B-4A88-B9FB-07D8AFE85F97}.Debug|Any CPU.Build.0 = Debug|Any CPU
		{F881FFE1-0A5B-4A88-B9FB-07D8AFE85F97}.Debug|x64.ActiveCfg = Debug|Any CPU
		{F881FFE1-0A5B-4A88-B9FB-07D8AFE85F97}.Debug|x64.Build.0 = Debug|Any CPU
		{F881FFE1-0A5B-4A88-B9FB-07D8AFE85F97}.Debug|x86.ActiveCfg = Debug|Any CPU
		{F881FFE1-0A5B-4A88-B9FB-07D8AFE85F97}.Debug|x86.Build.0 = Debug|Any CPU
		{F881FFE1-0A5B-4A88-B9FB-07D8AFE85F97}.Release|Any CPU.ActiveCfg = Release|Any CPU
		{F881FFE1-0A5B-4A88-B9FB-07D8AFE85F97}.Release|Any CPU.Build.0 = Release|Any CPU
		{F881FFE1-0A5B-4A88-B9FB-07D8AFE85F97}.Release|x64.ActiveCfg = Release|Any CPU
		{F881FFE1-0A5B-4A88-B9FB-07D8AFE85F97}.Release|x64.Build.0 = Release|Any CPU
		{F881FFE1-0A5B-4A88-B9FB-07D8AFE85F97}.Release|x86.ActiveCfg = Release|Any CPU
		{F881FFE1-0A5B-4A88-B9FB-07D8AFE85F97}.Release|x86.Build.0 = Release|Any CPU
		{3275D1A9-78D0-4B00-84C4-ABADB3DF9E35}.Debug|Any CPU.ActiveCfg = Debug|Any CPU
		{3275D1A9-78D0-4B00-84C4-ABADB3DF9E35}.Debug|Any CPU.Build.0 = Debug|Any CPU
		{3275D1A9-78D0-4B00-84C4-ABADB3DF9E35}.Debug|x64.ActiveCfg = Debug|Any CPU
		{3275D1A9-78D0-4B00-84C4-ABADB3DF9E35}.Debug|x64.Build.0 = Debug|Any CPU
		{3275D1A9-78D0-4B00-84C4-ABADB3DF9E35}.Debug|x86.ActiveCfg = Debug|Any CPU
		{3275D1A9-78D0-4B00-84C4-ABADB3DF9E35}.Debug|x86.Build.0 = Debug|Any CPU
		{3275D1A9-78D0-4B00-84C4-ABADB3DF9E35}.Release|Any CPU.ActiveCfg = Release|Any CPU
		{3275D1A9-78D0-4B00-84C4-ABADB3DF9E35}.Release|Any CPU.Build.0 = Release|Any CPU
		{3275D1A9-78D0-4B00-84C4-ABADB3DF9E35}.Release|x64.ActiveCfg = Release|Any CPU
		{3275D1A9-78D0-4B00-84C4-ABADB3DF9E35}.Release|x64.Build.0 = Release|Any CPU
		{3275D1A9-78D0-4B00-84C4-ABADB3DF9E35}.Release|x86.ActiveCfg = Release|Any CPU
		{3275D1A9-78D0-4B00-84C4-ABADB3DF9E35}.Release|x86.Build.0 = Release|Any CPU
	EndGlobalSection
	GlobalSection(SolutionProperties) = preSolution
		HideSolutionNode = FALSE
	EndGlobalSection
	GlobalSection(ExtensibilityGlobals) = postSolution
		SolutionGuid = {358C41F0-0862-4C0B-97E0-1A23C49FB659}
	EndGlobalSection
EndGlobal
